
Microsoft Visual Studio Solution File, Format Version 12.00
# Visual Studio 15
VisualStudioVersion = 15.0.28307.572
MinimumVisualStudioVersion = 10.0.40219.1
Project("{888888A0-9F3D-457C-B088-3A5042F75D52}") = "To-Do", "To-Do.pyproj", "{16BDF61E-1513-4312-BA3C-18F64953A47C}"
EndProject
Global
	GlobalSection(SolutionConfigurationPlatforms) = preSolution
		Debug|Any CPU = Debug|Any CPU
		Release|Any CPU = Release|Any CPU
	EndGlobalSection
	GlobalSection(ProjectConfigurationPlatforms) = postSolution
		{16BDF61E-1513-4312-BA3C-18F64953A47C}.Debug|Any CPU.ActiveCfg = Debug|Any CPU
		{16BDF61E-1513-4312-BA3C-18F64953A47C}.Release|Any CPU.ActiveCfg = Release|Any CPU
	EndGlobalSection
	GlobalSection(SolutionProperties) = preSolution
		HideSolutionNode = FALSE
	EndGlobalSection
	GlobalSection(ExtensibilityGlobals) = postSolution
		SolutionGuid = {C8556CE5-72BC-461A-9E4B-074ECCBD1BCB}
	EndGlobalSection
EndGlobal
